
Microsoft Visual Studio Solution File, Format Version 12.00
# Visual Studio Version 17
VisualStudioVersion = 17.7.34031.279
MinimumVisualStudioVersion = 10.0.40219.1
Project("{FAE04EC0-301F-11D3-BF4B-00C04F79EFBC}") = "TPCuatrimestal", "TPCuatrimestal\TPCuatrimestal.csproj", "{3D941F5C-F201-402A-A33F-874DAB964C9F}"
EndProject
Project("{FAE04EC0-301F-11D3-BF4B-00C04F79EFBC}") = "Dominio", "Dominio\Dominio.csproj", "{97FACD40-4052-4B68-9EBE-21C19DF34B65}"
EndProject
Global
	GlobalSection(SolutionConfigurationPlatforms) = preSolution
		Debug|Any CPU = Debug|Any CPU
		Release|Any CPU = Release|Any CPU
	EndGlobalSection
	GlobalSection(ProjectConfigurationPlatforms) = postSolution
		{3D941F5C-F201-402A-A33F-874DAB964C9F}.Debug|Any CPU.ActiveCfg = Debug|Any CPU
		{3D941F5C-F201-402A-A33F-874DAB964C9F}.Debug|Any CPU.Build.0 = Debug|Any CPU
		{3D941F5C-F201-402A-A33F-874DAB964C9F}.Release|Any CPU.ActiveCfg = Release|Any CPU
		{3D941F5C-F201-402A-A33F-874DAB964C9F}.Release|Any CPU.Build.0 = Release|Any CPU
		{97FACD40-4052-4B68-9EBE-21C19DF34B65}.Debug|Any CPU.ActiveCfg = Debug|Any CPU
		{97FACD40-4052-4B68-9EBE-21C19DF34B65}.Debug|Any CPU.Build.0 = Debug|Any CPU
		{97FACD40-4052-4B68-9EBE-21C19DF34B65}.Release|Any CPU.ActiveCfg = Release|Any CPU
		{97FACD40-4052-4B68-9EBE-21C19DF34B65}.Release|Any CPU.Build.0 = Release|Any CPU
	EndGlobalSection
	GlobalSection(SolutionProperties) = preSolution
		HideSolutionNode = FALSE
	EndGlobalSection
	GlobalSection(ExtensibilityGlobals) = postSolution
		SolutionGuid = {378AD942-F9E4-48D1-95FE-A8D07C03EB07}
	EndGlobalSection
EndGlobal
